
Microsoft Visual Studio Solution File, Format Version 12.00
# Visual Studio Version 17
VisualStudioVersion = 17.9.34714.143
MinimumVisualStudioVersion = 10.0.40219.1
Project("{FAE04EC0-301F-11D3-BF4B-00C04F79EFBC}") = "WebApp.CourseApi", "WebApp.CourseApi\WebApp.CourseApi.csproj", "{0917D5DF-B9DF-4E6F-8CA7-05EA80739713}"
EndProject
Project("{FAE04EC0-301F-11D3-BF4B-00C04F79EFBC}") = "Infrastructure", "Infrastructure\Infrastructure.csproj", "{C66BE4EC-AF1A-4322-8445-12580AD779B0}"
EndProject
Global
	GlobalSection(SolutionConfigurationPlatforms) = preSolution
		Debug|Any CPU = Debug|Any CPU
		Release|Any CPU = Release|Any CPU
	EndGlobalSection
	GlobalSection(ProjectConfigurationPlatforms) = postSolution
		{0917D5DF-B9DF-4E6F-8CA7-05EA80739713}.Debug|Any CPU.ActiveCfg = Debug|Any CPU
		{0917D5DF-B9DF-4E6F-8CA7-05EA80739713}.Debug|Any CPU.Build.0 = Debug|Any CPU
		{0917D5DF-B9DF-4E6F-8CA7-05EA80739713}.Release|Any CPU.ActiveCfg = Release|Any CPU
		{0917D5DF-B9DF-4E6F-8CA7-05EA80739713}.Release|Any CPU.Build.0 = Release|Any CPU
		{C66BE4EC-AF1A-4322-8445-12580AD779B0}.Debug|Any CPU.ActiveCfg = Debug|Any CPU
		{C66BE4EC-AF1A-4322-8445-12580AD779B0}.Debug|Any CPU.Build.0 = Debug|Any CPU
		{C66BE4EC-AF1A-4322-8445-12580AD779B0}.Release|Any CPU.ActiveCfg = Release|Any CPU
		{C66BE4EC-AF1A-4322-8445-12580AD779B0}.Release|Any CPU.Build.0 = Release|Any CPU
	EndGlobalSection
	GlobalSection(SolutionProperties) = preSolution
		HideSolutionNode = FALSE
	EndGlobalSection
	GlobalSection(ExtensibilityGlobals) = postSolution
		SolutionGuid = {7E59635D-09DE-477F-AA40-B660FF86E163}
	EndGlobalSection
EndGlobal
